{
  "object": {
    "pins": [
      {
        "package": "Require",
        "repositoryURL": "https://github.com/JohnSundell/Require.git",
        "state": {
          "branch": null,
          "revision": "81d415c392ca9c52c548a49c602104a7ca1e8b64",
          "version": "2.0.0"
        }
      },
      {
        "package": "ShellOut",
        "repositoryURL": "https://github.com/JohnSundell/ShellOut.git",
        "state": {
          "branch": null,
          "revision": "479a89d9bfa7585496bd4a3e4faffac5b01af37f",
          "version": "2.0.0"
        }
      }
    ]
  },
  "version": 1
}
